// !$*UTF8*$!
{
	archiveVersion = 1;
	classes = {
	};
	objectVersion = 55;
	objects = {

/* Begin PBXBuildFile section */
		5603C5D327FD74080065DFED /* Enums.swift in Sources */ = {isa = PBXBuildFile; fileRef = 5603C5D227FD74080065DFED /* Enums.swift */; };
		5616EC2C27DA2ABD00B701FF /* LocationInputActivationView.swift in Sources */ = {isa = PBXBuildFile; fileRef = 5616EC2B27DA2ABD00B701FF /* LocationInputActivationView.swift */; };
		5616EC2E27DA3F9600B701FF /* LocationInputView.swift in Sources */ = {isa = PBXBuildFile; fileRef = 5616EC2D27DA3F9600B701FF /* LocationInputView.swift */; };
		561F249227D929B3005A9EF0 /* GoogleService-Info.plist in Resources */ = {isa = PBXBuildFile; fileRef = 561F249127D929B3005A9EF0 /* GoogleService-Info.plist */; };
		5620DBEC28018CEB00BAB7BC /* RideActionView.swift in Sources */ = {isa = PBXBuildFile; fileRef = 5620DBEB28018CEB00BAB7BC /* RideActionView.swift */; };
		5620DBEE28019C1D00BAB7BC /* MKMapView extensions.swift in Sources */ = {isa = PBXBuildFile; fileRef = 5620DBED28019C1D00BAB7BC /* MKMapView extensions.swift */; };
		5620DBF02801AC2800BAB7BC /* Trip.swift in Sources */ = {isa = PBXBuildFile; fileRef = 5620DBEF2801AC2800BAB7BC /* Trip.swift */; };
		56270CCB27E9D71500E38722 /* DriverAnnotation.swift in Sources */ = {isa = PBXBuildFile; fileRef = 56270CCA27E9D71500E38722 /* DriverAnnotation.swift */; };
		56284C4F27E868B600D559DA /* (null) in Embed Frameworks */ = {isa = PBXBuildFile; settings = {ATTRIBUTES = (CodeSignOnCopy, RemoveHeadersOnCopy, ); }; };
		5633D63127E8A4FF00D75702 /* LocationHandler.swift in Sources */ = {isa = PBXBuildFile; fileRef = 5633D63027E8A4FF00D75702 /* LocationHandler.swift */; };
		564C9B2027D8B1D20005E2BF /* AppDelegate.swift in Sources */ = {isa = PBXBuildFile; fileRef = 564C9B1F27D8B1D20005E2BF /* AppDelegate.swift */; };
		564C9B2227D8B1D20005E2BF /* SceneDelegate.swift in Sources */ = {isa = PBXBuildFile; fileRef = 564C9B2127D8B1D20005E2BF /* SceneDelegate.swift */; };
		564C9B2927D8B1D30005E2BF /* Assets.xcassets in Resources */ = {isa = PBXBuildFile; fileRef = 564C9B2827D8B1D30005E2BF /* Assets.xcassets */; };
		564C9B2C27D8B1D30005E2BF /* LaunchScreen.storyboard in Resources */ = {isa = PBXBuildFile; fileRef = 564C9B2A27D8B1D30005E2BF /* LaunchScreen.storyboard */; };
		564C9B3927D8B2920005E2BF /* LoginController.swift in Sources */ = {isa = PBXBuildFile; fileRef = 564C9B3827D8B2920005E2BF /* LoginController.swift */; };
		564C9B3E27D8BADD0005E2BF /* UIView extensions.swift in Sources */ = {isa = PBXBuildFile; fileRef = 564C9B3D27D8BADD0005E2BF /* UIView extensions.swift */; };
		564C9B4027D8CE260005E2BF /* UITextField extensions.swift in Sources */ = {isa = PBXBuildFile; fileRef = 564C9B3F27D8CE260005E2BF /* UITextField extensions.swift */; };
		564C9B4227D8D5240005E2BF /* UIColor extensions.swift in Sources */ = {isa = PBXBuildFile; fileRef = 564C9B4127D8D5240005E2BF /* UIColor extensions.swift */; };
		564C9B4427D904F70005E2BF /* SignUpController.swift in Sources */ = {isa = PBXBuildFile; fileRef = 564C9B4327D904F70005E2BF /* SignUpController.swift */; };
		564C9B4827D913F90005E2BF /* UILabel extensions.swift in Sources */ = {isa = PBXBuildFile; fileRef = 564C9B4727D913F90005E2BF /* UILabel extensions.swift */; };
		564C9B4A27D914B80005E2BF /* UIButton extensions.swift in Sources */ = {isa = PBXBuildFile; fileRef = 564C9B4927D914B80005E2BF /* UIButton extensions.swift */; };
		5671716C27D9FA81007168ED /* FirebaseService.swift in Sources */ = {isa = PBXBuildFile; fileRef = 5671716B27D9FA81007168ED /* FirebaseService.swift */; };
		5671716E27DA0009007168ED /* HomeController.swift in Sources */ = {isa = PBXBuildFile; fileRef = 5671716D27DA0009007168ED /* HomeController.swift */; };
		5671717027DA0737007168ED /* AuthErrorCode extensions.swift in Sources */ = {isa = PBXBuildFile; fileRef = 5671716F27DA0737007168ED /* AuthErrorCode extensions.swift */; };
		56784E1E27DB596E00F069CA /* LocationCell.swift in Sources */ = {isa = PBXBuildFile; fileRef = 56784E1D27DB596E00F069CA /* LocationCell.swift */; };
		56784E2027DB5D3000F069CA /* Constants.swift in Sources */ = {isa = PBXBuildFile; fileRef = 56784E1F27DB5D3000F069CA /* Constants.swift */; };
		56784E2227DCCEE400F069CA /* User.swift in Sources */ = {isa = PBXBuildFile; fileRef = 56784E2127DCCEE400F069CA /* User.swift */; };
		5686460328322DE8000BEF7D /* PickupController.swift in Sources */ = {isa = PBXBuildFile; fileRef = 5686460228322DE8000BEF7D /* PickupController.swift */; };
		56D328CB28087AA100395512 /* Pods_Uber.framework in Frameworks */ = {isa = PBXBuildFile; fileRef = E9A7E11F2002A4CCEEE22F7A /* Pods_Uber.framework */; };
		56DE380527F5C12B007E826D /* MKPlacemark extensions.swift in Sources */ = {isa = PBXBuildFile; fileRef = 56DE380427F5C12B007E826D /* MKPlacemark extensions.swift */; };
/* End PBXBuildFile section */

/* Begin PBXCopyFilesBuildPhase section */
		56284C5027E868B600D559DA /* Embed Frameworks */ = {
			isa = PBXCopyFilesBuildPhase;
			buildActionMask = 2147483647;
			dstPath = "";
			dstSubfolderSpec = 10;
			files = (
				56284C4F27E868B600D559DA /* (null) in Embed Frameworks */,
			);
			name = "Embed Frameworks";
			runOnlyForDeploymentPostprocessing = 0;
		};
/* End PBXCopyFilesBuildPhase section */

/* Begin PBXFileReference section */
		34114A157EED03F0A72F52D2 /* Pods-Uber.release.xcconfig */ = {isa = PBXFileReference; includeInIndex = 1; lastKnownFileType = text.xcconfig; name = "Pods-Uber.release.xcconfig"; path = "Target Support Files/Pods-Uber/Pods-Uber.release.xcconfig"; sourceTree = "<group>"; };
		5603C5D227FD74080065DFED /* Enums.swift */ = {isa = PBXFileReference; lastKnownFileType = sourcecode.swift; path = Enums.swift; sourceTree = "<group>"; };
		5616EC2B27DA2ABD00B701FF /* LocationInputActivationView.swift */ = {isa = PBXFileReference; lastKnownFileType = sourcecode.swift; path = LocationInputActivationView.swift; sourceTree = "<group>"; };
		5616EC2D27DA3F9600B701FF /* LocationInputView.swift */ = {isa = PBXFileReference; lastKnownFileType = sourcecode.swift; path = LocationInputView.swift; sourceTree = "<group>"; };
		561F249127D929B3005A9EF0 /* GoogleService-Info.plist */ = {isa = PBXFileReference; fileEncoding = 4; lastKnownFileType = text.plist.xml; path = "GoogleService-Info.plist"; sourceTree = "<group>"; };
		5620DBEB28018CEB00BAB7BC /* RideActionView.swift */ = {isa = PBXFileReference; lastKnownFileType = sourcecode.swift; path = RideActionView.swift; sourceTree = "<group>"; };
		5620DBED28019C1D00BAB7BC /* MKMapView extensions.swift */ = {isa = PBXFileReference; lastKnownFileType = sourcecode.swift; path = "MKMapView extensions.swift"; sourceTree = "<group>"; };
		5620DBEF2801AC2800BAB7BC /* Trip.swift */ = {isa = PBXFileReference; lastKnownFileType = sourcecode.swift; path = Trip.swift; sourceTree = "<group>"; };
		56270CCA27E9D71500E38722 /* DriverAnnotation.swift */ = {isa = PBXFileReference; lastKnownFileType = sourcecode.swift; path = DriverAnnotation.swift; sourceTree = "<group>"; };
		5633D63027E8A4FF00D75702 /* LocationHandler.swift */ = {isa = PBXFileReference; lastKnownFileType = sourcecode.swift; path = LocationHandler.swift; sourceTree = "<group>"; };
		564C9B1C27D8B1D20005E2BF /* Uber.app */ = {isa = PBXFileReference; explicitFileType = wrapper.application; includeInIndex = 0; path = Uber.app; sourceTree = BUILT_PRODUCTS_DIR; };
		564C9B1F27D8B1D20005E2BF /* AppDelegate.swift */ = {isa = PBXFileReference; lastKnownFileType = sourcecode.swift; path = AppDelegate.swift; sourceTree = "<group>"; };
		564C9B2127D8B1D20005E2BF /* SceneDelegate.swift */ = {isa = PBXFileReference; lastKnownFileType = sourcecode.swift; path = SceneDelegate.swift; sourceTree = "<group>"; };
		564C9B2827D8B1D30005E2BF /* Assets.xcassets */ = {isa = PBXFileReference; lastKnownFileType = folder.assetcatalog; path = Assets.xcassets; sourceTree = "<group>"; };
		564C9B2B27D8B1D30005E2BF /* Base */ = {isa = PBXFileReference; lastKnownFileType = file.storyboard; name = Base; path = Base.lproj/LaunchScreen.storyboard; sourceTree = "<group>"; };
		564C9B2D27D8B1D30005E2BF /* Info.plist */ = {isa = PBXFileReference; lastKnownFileType = text.plist.xml; path = Info.plist; sourceTree = "<group>"; };
		564C9B3827D8B2920005E2BF /* LoginController.swift */ = {isa = PBXFileReference; lastKnownFileType = sourcecode.swift; path = LoginController.swift; sourceTree = "<group>"; };
		564C9B3D27D8BADD0005E2BF /* UIView extensions.swift */ = {isa = PBXFileReference; lastKnownFileType = sourcecode.swift; path = "UIView extensions.swift"; sourceTree = "<group>"; };
		564C9B3F27D8CE260005E2BF /* UITextField extensions.swift */ = {isa = PBXFileReference; lastKnownFileType = sourcecode.swift; path = "UITextField extensions.swift"; sourceTree = "<group>"; };
		564C9B4127D8D5240005E2BF /* UIColor extensions.swift */ = {isa = PBXFileReference; lastKnownFileType = sourcecode.swift; path = "UIColor extensions.swift"; sourceTree = "<group>"; };
		564C9B4327D904F70005E2BF /* SignUpController.swift */ = {isa = PBXFileReference; lastKnownFileType = sourcecode.swift; path = SignUpController.swift; sourceTree = "<group>"; };
		564C9B4727D913F90005E2BF /* UILabel extensions.swift */ = {isa = PBXFileReference; lastKnownFileType = sourcecode.swift; path = "UILabel extensions.swift"; sourceTree = "<group>"; };
		564C9B4927D914B80005E2BF /* UIButton extensions.swift */ = {isa = PBXFileReference; lastKnownFileType = sourcecode.swift; path = "UIButton extensions.swift"; sourceTree = "<group>"; };
		5671716B27D9FA81007168ED /* FirebaseService.swift */ = {isa = PBXFileReference; lastKnownFileType = sourcecode.swift; path = FirebaseService.swift; sourceTree = "<group>"; };
		5671716D27DA0009007168ED /* HomeController.swift */ = {isa = PBXFileReference; lastKnownFileType = sourcecode.swift; path = HomeController.swift; sourceTree = "<group>"; };
		5671716F27DA0737007168ED /* AuthErrorCode extensions.swift */ = {isa = PBXFileReference; lastKnownFileType = sourcecode.swift; path = "AuthErrorCode extensions.swift"; sourceTree = "<group>"; };
		56784E1D27DB596E00F069CA /* LocationCell.swift */ = {isa = PBXFileReference; lastKnownFileType = sourcecode.swift; path = LocationCell.swift; sourceTree = "<group>"; };
		56784E1F27DB5D3000F069CA /* Constants.swift */ = {isa = PBXFileReference; lastKnownFileType = sourcecode.swift; path = Constants.swift; sourceTree = "<group>"; };
		56784E2127DCCEE400F069CA /* User.swift */ = {isa = PBXFileReference; lastKnownFileType = sourcecode.swift; path = User.swift; sourceTree = "<group>"; };
		5686460228322DE8000BEF7D /* PickupController.swift */ = {isa = PBXFileReference; lastKnownFileType = sourcecode.swift; path = PickupController.swift; sourceTree = "<group>"; };
		56DE380427F5C12B007E826D /* MKPlacemark extensions.swift */ = {isa = PBXFileReference; lastKnownFileType = sourcecode.swift; path = "MKPlacemark extensions.swift"; sourceTree = "<group>"; };
		E9A7E11F2002A4CCEEE22F7A /* Pods_Uber.framework */ = {isa = PBXFileReference; explicitFileType = wrapper.framework; includeInIndex = 0; path = Pods_Uber.framework; sourceTree = BUILT_PRODUCTS_DIR; };
		FF59807893BEEA5253D71AFC /* Pods-Uber.debug.xcconfig */ = {isa = PBXFileReference; includeInIndex = 1; lastKnownFileType = text.xcconfig; name = "Pods-Uber.debug.xcconfig"; path = "Target Support Files/Pods-Uber/Pods-Uber.debug.xcconfig"; sourceTree = "<group>"; };
/* End PBXFileReference section */

/* Begin PBXFrameworksBuildPhase section */
		564C9B1927D8B1D20005E2BF /* Frameworks */ = {
			isa = PBXFrameworksBuildPhase;
			buildActionMask = 2147483647;
			files = (
				56D328CB28087AA100395512 /* Pods_Uber.framework in Frameworks */,
			);
			runOnlyForDeploymentPostprocessing = 0;
		};
/* End PBXFrameworksBuildPhase section */

/* Begin PBXGroup section */
		564C9B1327D8B1D20005E2BF = {
			isa = PBXGroup;
			children = (
				564C9B1E27D8B1D20005E2BF /* Uber */,
				564C9B1D27D8B1D20005E2BF /* Products */,
				EBFA502FA8E17F88E24C0E15 /* Pods */,
				EDE78AF1048EEAFB91D10461 /* Frameworks */,
			);
			sourceTree = "<group>";
		};
		564C9B1D27D8B1D20005E2BF /* Products */ = {
			isa = PBXGroup;
			children = (
				564C9B1C27D8B1D20005E2BF /* Uber.app */,
			);
			name = Products;
			sourceTree = "<group>";
		};
		564C9B1E27D8B1D20005E2BF /* Uber */ = {
			isa = PBXGroup;
			children = (
				564C9B3727D8B1FB0005E2BF /* Model */,
				564C9B3627D8B1F90005E2BF /* View */,
				564C9B3527D8B1F70005E2BF /* Controller */,
				564C9B3427D8B1F50005E2BF /* Service */,
				564C9B3327D8B1F00005E2BF /* Utils */,
				564C9B3C27D8BAB40005E2BF /* Extensions */,
				564C9B1F27D8B1D20005E2BF /* AppDelegate.swift */,
				564C9B2127D8B1D20005E2BF /* SceneDelegate.swift */,
				564C9B2827D8B1D30005E2BF /* Assets.xcassets */,
				564C9B2A27D8B1D30005E2BF /* LaunchScreen.storyboard */,
				564C9B2D27D8B1D30005E2BF /* Info.plist */,
				561F249127D929B3005A9EF0 /* GoogleService-Info.plist */,
			);
			path = Uber;
			sourceTree = "<group>";
		};
		564C9B3327D8B1F00005E2BF /* Utils */ = {
			isa = PBXGroup;
			children = (
				56784E1F27DB5D3000F069CA /* Constants.swift */,
				5633D63027E8A4FF00D75702 /* LocationHandler.swift */,
				5603C5D227FD74080065DFED /* Enums.swift */,
			);
			path = Utils;
			sourceTree = "<group>";
		};
		564C9B3427D8B1F50005E2BF /* Service */ = {
			isa = PBXGroup;
			children = (
				5671716B27D9FA81007168ED /* FirebaseService.swift */,
			);
			path = Service;
			sourceTree = "<group>";
		};
		564C9B3527D8B1F70005E2BF /* Controller */ = {
			isa = PBXGroup;
			children = (
				564C9B3827D8B2920005E2BF /* LoginController.swift */,
				564C9B4327D904F70005E2BF /* SignUpController.swift */,
				5671716D27DA0009007168ED /* HomeController.swift */,
				5686460228322DE8000BEF7D /* PickupController.swift */,
			);
			path = Controller;
			sourceTree = "<group>";
		};
		564C9B3627D8B1F90005E2BF /* View */ = {
			isa = PBXGroup;
			children = (
				5616EC2B27DA2ABD00B701FF /* LocationInputActivationView.swift */,
				5616EC2D27DA3F9600B701FF /* LocationInputView.swift */,
				56784E1D27DB596E00F069CA /* LocationCell.swift */,
				5620DBEB28018CEB00BAB7BC /* RideActionView.swift */,
			);
			path = View;
			sourceTree = "<group>";
		};
		564C9B3727D8B1FB0005E2BF /* Model */ = {
			isa = PBXGroup;
			children = (
				56784E2127DCCEE400F069CA /* User.swift */,
				56270CCA27E9D71500E38722 /* DriverAnnotation.swift */,
				5620DBEF2801AC2800BAB7BC /* Trip.swift */,
			);
			path = Model;
			sourceTree = "<group>";
		};
		564C9B3C27D8BAB40005E2BF /* Extensions */ = {
			isa = PBXGroup;
			children = (
				564C9B3D27D8BADD0005E2BF /* UIView extensions.swift */,
				564C9B3F27D8CE260005E2BF /* UITextField extensions.swift */,
				564C9B4127D8D5240005E2BF /* UIColor extensions.swift */,
				564C9B4727D913F90005E2BF /* UILabel extensions.swift */,
				564C9B4927D914B80005E2BF /* UIButton extensions.swift */,
				5671716F27DA0737007168ED /* AuthErrorCode extensions.swift */,
				56DE380427F5C12B007E826D /* MKPlacemark extensions.swift */,
				5620DBED28019C1D00BAB7BC /* MKMapView extensions.swift */,
			);
			path = Extensions;
			sourceTree = "<group>";
		};
		EBFA502FA8E17F88E24C0E15 /* Pods */ = {
			isa = PBXGroup;
			children = (
				FF59807893BEEA5253D71AFC /* Pods-Uber.debug.xcconfig */,
				34114A157EED03F0A72F52D2 /* Pods-Uber.release.xcconfig */,
			);
			path = Pods;
			sourceTree = "<group>";
		};
		EDE78AF1048EEAFB91D10461 /* Frameworks */ = {
			isa = PBXGroup;
			children = (
				E9A7E11F2002A4CCEEE22F7A /* Pods_Uber.framework */,
			);
			name = Frameworks;
			sourceTree = "<group>";
		};
/* End PBXGroup section */

/* Begin PBXNativeTarget section */
		564C9B1B27D8B1D20005E2BF /* Uber */ = {
			isa = PBXNativeTarget;
			buildConfigurationList = 564C9B3027D8B1D30005E2BF /* Build configuration list for PBXNativeTarget "Uber" */;
			buildPhases = (
				8BF2CFACEB76D5101DE347EA /* [CP] Check Pods Manifest.lock */,
				564C9B1827D8B1D20005E2BF /* Sources */,
				564C9B1927D8B1D20005E2BF /* Frameworks */,
				564C9B1A27D8B1D20005E2BF /* Resources */,
				56284C5027E868B600D559DA /* Embed Frameworks */,
				20A978B2FB902BD4214356F3 /* [CP] Embed Pods Frameworks */,
				521A96B3CF84538B39105C74 /* [CP] Copy Pods Resources */,
			);
			buildRules = (
			);
			dependencies = (
			);
			name = Uber;
			productName = Uber;
			productReference = 564C9B1C27D8B1D20005E2BF /* Uber.app */;
			productType = "com.apple.product-type.application";
		};
/* End PBXNativeTarget section */

/* Begin PBXProject section */
		564C9B1427D8B1D20005E2BF /* Project object */ = {
			isa = PBXProject;
			attributes = {
				BuildIndependentTargetsInParallel = 1;
				LastSwiftUpdateCheck = 1320;
				LastUpgradeCheck = 1330;
				TargetAttributes = {
					564C9B1B27D8B1D20005E2BF = {
						CreatedOnToolsVersion = 13.2.1;
					};
				};
			};
			buildConfigurationList = 564C9B1727D8B1D20005E2BF /* Build configuration list for PBXProject "Uber" */;
			compatibilityVersion = "Xcode 13.0";
			developmentRegion = en;
			hasScannedForEncodings = 0;
			knownRegions = (
				en,
				Base,
			);
			mainGroup = 564C9B1327D8B1D20005E2BF;
			productRefGroup = 564C9B1D27D8B1D20005E2BF /* Products */;
			projectDirPath = "";
			projectRoot = "";
			targets = (
				564C9B1B27D8B1D20005E2BF /* Uber */,
			);
		};
/* End PBXProject section */

/* Begin PBXResourcesBuildPhase section */
		564C9B1A27D8B1D20005E2BF /* Resources */ = {
			isa = PBXResourcesBuildPhase;
			buildActionMask = 2147483647;
			files = (
				564C9B2C27D8B1D30005E2BF /* LaunchScreen.storyboard in Resources */,
				561F249227D929B3005A9EF0 /* GoogleService-Info.plist in Resources */,
				564C9B2927D8B1D30005E2BF /* Assets.xcassets in Resources */,
			);
			runOnlyForDeploymentPostprocessing = 0;
		};
/* End PBXResourcesBuildPhase section */

/* Begin PBXShellScriptBuildPhase section */
		20A978B2FB902BD4214356F3 /* [CP] Embed Pods Frameworks */ = {
			isa = PBXShellScriptBuildPhase;
			buildActionMask = 2147483647;
			files = (
			);
			inputFileListPaths = (
				"${PODS_ROOT}/Target Support Files/Pods-Uber/Pods-Uber-frameworks-${CONFIGURATION}-input-files.xcfilelist",
			);
			name = "[CP] Embed Pods Frameworks";
			outputFileListPaths = (
				"${PODS_ROOT}/Target Support Files/Pods-Uber/Pods-Uber-frameworks-${CONFIGURATION}-output-files.xcfilelist",
			);
			runOnlyForDeploymentPostprocessing = 0;
			shellPath = /bin/sh;
			shellScript = "\"${PODS_ROOT}/Target Support Files/Pods-Uber/Pods-Uber-frameworks.sh\"\n";
			showEnvVarsInLog = 0;
		};
		521A96B3CF84538B39105C74 /* [CP] Copy Pods Resources */ = {
			isa = PBXShellScriptBuildPhase;
			buildActionMask = 2147483647;
			files = (
			);
			inputFileListPaths = (
				"${PODS_ROOT}/Target Support Files/Pods-Uber/Pods-Uber-resources-${CONFIGURATION}-input-files.xcfilelist",
			);
			name = "[CP] Copy Pods Resources";
			outputFileListPaths = (
				"${PODS_ROOT}/Target Support Files/Pods-Uber/Pods-Uber-resources-${CONFIGURATION}-output-files.xcfilelist",
			);
			runOnlyForDeploymentPostprocessing = 0;
			shellPath = /bin/sh;
			shellScript = "\"${PODS_ROOT}/Target Support Files/Pods-Uber/Pods-Uber-resources.sh\"\n";
			showEnvVarsInLog = 0;
		};
		8BF2CFACEB76D5101DE347EA /* [CP] Check Pods Manifest.lock */ = {
			isa = PBXShellScriptBuildPhase;
			buildActionMask = 2147483647;
			files = (
			);
			inputFileListPaths = (
			);
			inputPaths = (
				"${PODS_PODFILE_DIR_PATH}/Podfile.lock",
				"${PODS_ROOT}/Manifest.lock",
			);
			name = "[CP] Check Pods Manifest.lock";
			outputFileListPaths = (
			);
			outputPaths = (
				"$(DERIVED_FILE_DIR)/Pods-Uber-checkManifestLockResult.txt",
			);
			runOnlyForDeploymentPostprocessing = 0;
			shellPath = /bin/sh;
			shellScript = "diff \"${PODS_PODFILE_DIR_PATH}/Podfile.lock\" \"${PODS_ROOT}/Manifest.lock\" > /dev/null\nif [ $? != 0 ] ; then\n    # print error to STDERR\n    echo \"error: The sandbox is not in sync with the Podfile.lock. Run 'pod install' or update your CocoaPods installation.\" >&2\n    exit 1\nfi\n# This output is used by Xcode 'outputs' to avoid re-running this script phase.\necho \"SUCCESS\" > \"${SCRIPT_OUTPUT_FILE_0}\"\n";
			showEnvVarsInLog = 0;
		};
/* End PBXShellScriptBuildPhase section */

/* Begin PBXSourcesBuildPhase section */
		564C9B1827D8B1D20005E2BF /* Sources */ = {
			isa = PBXSourcesBuildPhase;
			buildActionMask = 2147483647;
			files = (
				5671717027DA0737007168ED /* AuthErrorCode extensions.swift in Sources */,
				5616EC2C27DA2ABD00B701FF /* LocationInputActivationView.swift in Sources */,
				5620DBEC28018CEB00BAB7BC /* RideActionView.swift in Sources */,
				564C9B2027D8B1D20005E2BF /* AppDelegate.swift in Sources */,
				5633D63127E8A4FF00D75702 /* LocationHandler.swift in Sources */,
				5603C5D327FD74080065DFED /* Enums.swift in Sources */,
				564C9B4A27D914B80005E2BF /* UIButton extensions.swift in Sources */,
				56DE380527F5C12B007E826D /* MKPlacemark extensions.swift in Sources */,
				5686460328322DE8000BEF7D /* PickupController.swift in Sources */,
				5671716E27DA0009007168ED /* HomeController.swift in Sources */,
				564C9B3927D8B2920005E2BF /* LoginController.swift in Sources */,
				56784E1E27DB596E00F069CA /* LocationCell.swift in Sources */,
				5620DBEE28019C1D00BAB7BC /* MKMapView extensions.swift in Sources */,
				5620DBF02801AC2800BAB7BC /* Trip.swift in Sources */,
				56784E2227DCCEE400F069CA /* User.swift in Sources */,
				56784E2027DB5D3000F069CA /* Constants.swift in Sources */,
				5616EC2E27DA3F9600B701FF /* LocationInputView.swift in Sources */,
				564C9B4827D913F90005E2BF /* UILabel extensions.swift in Sources */,
				564C9B4427D904F70005E2BF /* SignUpController.swift in Sources */,
				564C9B2227D8B1D20005E2BF /* SceneDelegate.swift in Sources */,
				56270CCB27E9D71500E38722 /* DriverAnnotation.swift in Sources */,
				5671716C27D9FA81007168ED /* FirebaseService.swift in Sources */,
				564C9B4027D8CE260005E2BF /* UITextField extensions.swift in Sources */,
				564C9B4227D8D5240005E2BF /* UIColor extensions.swift in Sources */,
				564C9B3E27D8BADD0005E2BF /* UIView extensions.swift in Sources */,
			);
			runOnlyForDeploymentPostprocessing = 0;
		};
/* End PBXSourcesBuildPhase section */

/* Begin PBXVariantGroup section */
		564C9B2A27D8B1D30005E2BF /* LaunchScreen.storyboard */ = {
			isa = PBXVariantGroup;
			children = (
				564C9B2B27D8B1D30005E2BF /* Base */,
			);
			name = LaunchScreen.storyboard;
			sourceTree = "<group>";
		};
/* End PBXVariantGroup section */

/* Begin XCBuildConfiguration section */
		564C9B2E27D8B1D30005E2BF /* Debug */ = {
			isa = XCBuildConfiguration;
			buildSettings = {
				ALWAYS_SEARCH_USER_PATHS = NO;
				CLANG_ANALYZER_NONNULL = YES;
				CLANG_ANALYZER_NUMBER_OBJECT_CONVERSION = YES_AGGRESSIVE;
				CLANG_CXX_LANGUAGE_STANDARD = "gnu++17";
				CLANG_CXX_LIBRARY = "libc++";
				CLANG_ENABLE_MODULES = YES;
				CLANG_ENABLE_OBJC_ARC = YES;
				CLANG_ENABLE_OBJC_WEAK = YES;
				CLANG_WARN_BLOCK_CAPTURE_AUTORELEASING = YES;
				CLANG_WARN_BOOL_CONVERSION = YES;
				CLANG_WARN_COMMA = YES;
				CLANG_WARN_CONSTANT_CONVERSION = YES;
				CLANG_WARN_DEPRECATED_OBJC_IMPLEMENTATIONS = YES;
				CLANG_WARN_DIRECT_OBJC_ISA_USAGE = YES_ERROR;
				CLANG_WARN_DOCUMENTATION_COMMENTS = YES;
				CLANG_WARN_EMPTY_BODY = YES;
				CLANG_WARN_ENUM_CONVERSION = YES;
				CLANG_WARN_INFINITE_RECURSION = YES;
				CLANG_WARN_INT_CONVERSION = YES;
				CLANG_WARN_NON_LITERAL_NULL_CONVERSION = YES;
				CLANG_WARN_OBJC_IMPLICIT_RETAIN_SELF = YES;
				CLANG_WARN_OBJC_LITERAL_CONVERSION = YES;
				CLANG_WARN_OBJC_ROOT_CLASS = YES_ERROR;
				CLANG_WARN_QUOTED_INCLUDE_IN_FRAMEWORK_HEADER = YES;
				CLANG_WARN_RANGE_LOOP_ANALYSIS = YES;
				CLANG_WARN_STRICT_PROTOTYPES = YES;
				CLANG_WARN_SUSPICIOUS_MOVE = YES;
				CLANG_WARN_UNGUARDED_AVAILABILITY = YES_AGGRESSIVE;
				CLANG_WARN_UNREACHABLE_CODE = YES;
				CLANG_WARN__DUPLICATE_METHOD_MATCH = YES;
				COPY_PHASE_STRIP = NO;
				DEBUG_INFORMATION_FORMAT = dwarf;
				ENABLE_STRICT_OBJC_MSGSEND = YES;
				ENABLE_TESTABILITY = YES;
				"EXCLUDED_ARCHS[sdk=iphonesimulator*]" = arm64;
				GCC_C_LANGUAGE_STANDARD = gnu11;
				GCC_DYNAMIC_NO_PIC = NO;
				GCC_NO_COMMON_BLOCKS = YES;
				GCC_OPTIMIZATION_LEVEL = 0;
				GCC_PREPROCESSOR_DEFINITIONS = (
					"DEBUG=1",
					"$(inherited)",
				);
				GCC_WARN_64_TO_32_BIT_CONVERSION = YES;
				GCC_WARN_ABOUT_RETURN_TYPE = YES_ERROR;
				GCC_WARN_UNDECLARED_SELECTOR = YES;
				GCC_WARN_UNINITIALIZED_AUTOS = YES_AGGRESSIVE;
				GCC_WARN_UNUSED_FUNCTION = YES;
				GCC_WARN_UNUSED_VARIABLE = YES;
				IPHONEOS_DEPLOYMENT_TARGET = 15.4;
				MTL_ENABLE_DEBUG_INFO = INCLUDE_SOURCE;
				MTL_FAST_MATH = YES;
				ONLY_ACTIVE_ARCH = YES;
				SDKROOT = iphoneos;
				SWIFT_ACTIVE_COMPILATION_CONDITIONS = DEBUG;
				SWIFT_OPTIMIZATION_LEVEL = "-Onone";
			};
			name = Debug;
		};
		564C9B2F27D8B1D30005E2BF /* Release */ = {
			isa = XCBuildConfiguration;
			buildSettings = {
				ALWAYS_SEARCH_USER_PATHS = NO;
				CLANG_ANALYZER_NONNULL = YES;
				CLANG_ANALYZER_NUMBER_OBJECT_CONVERSION = YES_AGGRESSIVE;
				CLANG_CXX_LANGUAGE_STANDARD = "gnu++17";
				CLANG_CXX_LIBRARY = "libc++";
				CLANG_ENABLE_MODULES = YES;
				CLANG_ENABLE_OBJC_ARC = YES;
				CLANG_ENABLE_OBJC_WEAK = YES;
				CLANG_WARN_BLOCK_CAPTURE_AUTORELEASING = YES;
				CLANG_WARN_BOOL_CONVERSION = YES;
				CLANG_WARN_COMMA = YES;
				CLANG_WARN_CONSTANT_CONVERSION = YES;
				CLANG_WARN_DEPRECATED_OBJC_IMPLEMENTATIONS = YES;
				CLANG_WARN_DIRECT_OBJC_ISA_USAGE = YES_ERROR;
				CLANG_WARN_DOCUMENTATION_COMMENTS = YES;
				CLANG_WARN_EMPTY_BODY = YES;
				CLANG_WARN_ENUM_CONVERSION = YES;
				CLANG_WARN_INFINITE_RECURSION = YES;
				CLANG_WARN_INT_CONVERSION = YES;
				CLANG_WARN_NON_LITERAL_NULL_CONVERSION = YES;
				CLANG_WARN_OBJC_IMPLICIT_RETAIN_SELF = YES;
				CLANG_WARN_OBJC_LITERAL_CONVERSION = YES;
				CLANG_WARN_OBJC_ROOT_CLASS = YES_ERROR;
				CLANG_WARN_QUOTED_INCLUDE_IN_FRAMEWORK_HEADER = YES;
				CLANG_WARN_RANGE_LOOP_ANALYSIS = YES;
				CLANG_WARN_STRICT_PROTOTYPES = YES;
				CLANG_WARN_SUSPICIOUS_MOVE = YES;
				CLANG_WARN_UNGUARDED_AVAILABILITY = YES_AGGRESSIVE;
				CLANG_WARN_UNREACHABLE_CODE = YES;
				CLANG_WARN__DUPLICATE_METHOD_MATCH = YES;
				COPY_PHASE_STRIP = NO;
				DEBUG_INFORMATION_FORMAT = "dwarf-with-dsym";
				ENABLE_NS_ASSERTIONS = NO;
				ENABLE_STRICT_OBJC_MSGSEND = YES;
				"EXCLUDED_ARCHS[sdk=iphonesimulator*]" = arm64;
				GCC_C_LANGUAGE_STANDARD = gnu11;
				GCC_NO_COMMON_BLOCKS = YES;
				GCC_WARN_64_TO_32_BIT_CONVERSION = YES;
				GCC_WARN_ABOUT_RETURN_TYPE = YES_ERROR;
				GCC_WARN_UNDECLARED_SELECTOR = YES;
				GCC_WARN_UNINITIALIZED_AUTOS = YES_AGGRESSIVE;
				GCC_WARN_UNUSED_FUNCTION = YES;
				GCC_WARN_UNUSED_VARIABLE = YES;
				IPHONEOS_DEPLOYMENT_TARGET = 15.4;
				MTL_ENABLE_DEBUG_INFO = NO;
				MTL_FAST_MATH = YES;
				ONLY_ACTIVE_ARCH = YES;
				SDKROOT = iphoneos;
				SWIFT_COMPILATION_MODE = wholemodule;
				SWIFT_OPTIMIZATION_LEVEL = "-O";
				VALIDATE_PRODUCT = YES;
			};
			name = Release;
		};
		564C9B3127D8B1D30005E2BF /* Debug */ = {
			isa = XCBuildConfiguration;
			baseConfigurationReference = FF59807893BEEA5253D71AFC /* Pods-Uber.debug.xcconfig */;
			buildSettings = {
				ASSETCATALOG_COMPILER_APPICON_NAME = AppIcon;
				ASSETCATALOG_COMPILER_GLOBAL_ACCENT_COLOR_NAME = AccentColor;
				CODE_SIGN_STYLE = Automatic;
				CURRENT_PROJECT_VERSION = 1;
				DEVELOPMENT_TEAM = 95HSPB4GQ4;
				GENERATE_INFOPLIST_FILE = YES;
				INFOPLIST_FILE = Uber/Info.plist;
				INFOPLIST_KEY_UIApplicationSupportsIndirectInputEvents = YES;
				INFOPLIST_KEY_UILaunchStoryboardName = LaunchScreen;
				INFOPLIST_KEY_UISupportedInterfaceOrientations_iPad = "UIInterfaceOrientationPortrait UIInterfaceOrientationPortraitUpsideDown UIInterfaceOrientationLandscapeLeft UIInterfaceOrientationLandscapeRight";
				INFOPLIST_KEY_UISupportedInterfaceOrientations_iPhone = "UIInterfaceOrientationPortrait UIInterfaceOrientationLandscapeLeft UIInterfaceOrientationLandscapeRight";
				LD_RUNPATH_SEARCH_PATHS = (
					"$(inherited)",
					"@executable_path/Frameworks",
				);
				MARKETING_VERSION = 1.0;
				OTHER_LDFLAGS = (
					"$(inherited)",
					"-ObjC",
					"-l\"c++\"",
					"-l\"icucore\"",
					"-l\"sqlite3\"",
					"-l\"z\"",
					"-framework",
					"\"CFNetwork\"",
					"-framework",
					"\"CoreLocation\"",
					"-framework",
					"\"FirebaseAnalytics\"",
					"-framework",
					"\"FirebaseAuth\"",
					"-framework",
					"\"FirebaseCore\"",
					"-framework",
					"\"FirebaseCoreDiagnostics\"",
					"-framework",
					"\"FirebaseDatabase\"",
					"-framework",
					"\"FirebaseFirestore\"",
					"-framework",
					"\"FirebaseInstanceID\"",
					"-framework",
					"\"FirebaseStorage\"",
					"-framework",
					"\"Foundation\"",
					"-framework",
					"\"GTMSessionFetcher\"",
					"-framework",
					"\"GeoFire\"",
					"-framework",
					"\"Geofirestore\"",
					"-framework",
					"\"GoogleAppMeasurement\"",
					"-framework",
					"\"GoogleUtilities\"",
					"-framework",
					"\"MobileCoreServices\"",
					"-framework",
					"\"Protobuf\"",
					"-framework",
					"\"SafariServices\"",
					"-framework",
					"\"Security\"",
					"-framework",
					"\"StoreKit\"",
					"-framework",
					"\"SystemConfiguration\"",
					"-framework",
					"\"grpc\"",
					"-framework",
					"\"grpcpp\"",
					"-framework",
					"\"leveldb\"",
					"-framework",
					"\"nanopb\"",
					"-framework",
					"\"openssl\"",
				);
				PRODUCT_BUNDLE_IDENTIFIER = dk.mariana.Uber;
				PRODUCT_NAME = "$(TARGET_NAME)";
				SWIFT_EMIT_LOC_STRINGS = YES;
				SWIFT_VERSION = 5.0;
				TARGETED_DEVICE_FAMILY = "1,2";
			};
			name = Debug;
		};
		564C9B3227D8B1D30005E2BF /* Release */ = {
			isa = XCBuildConfiguration;
			baseConfigurationReference = 34114A157EED03F0A72F52D2 /* Pods-Uber.release.xcconfig */;
			buildSettings = {
				ASSETCATALOG_COMPILER_APPICON_NAME = AppIcon;
				ASSETCATALOG_COMPILER_GLOBAL_ACCENT_COLOR_NAME = AccentColor;
				CODE_SIGN_STYLE = Automatic;
				CURRENT_PROJECT_VERSION = 1;
				DEVELOPMENT_TEAM = 95HSPB4GQ4;
				GENERATE_INFOPLIST_FILE = YES;
				INFOPLIST_FILE = Uber/Info.plist;
				INFOPLIST_KEY_UIApplicationSupportsIndirectInputEvents = YES;
				INFOPLIST_KEY_UILaunchStoryboardName = LaunchScreen;
				INFOPLIST_KEY_UISupportedInterfaceOrientations_iPad = "UIInterfaceOrientationPortrait UIInterfaceOrientationPortraitUpsideDown UIInterfaceOrientationLandscapeLeft UIInterfaceOrientationLandscapeRight";
				INFOPLIST_KEY_UISupportedInterfaceOrientations_iPhone = "UIInterfaceOrientationPortrait UIInterfaceOrientationLandscapeLeft UIInterfaceOrientationLandscapeRight";
				LD_RUNPATH_SEARCH_PATHS = (
					"$(inherited)",
					"@executable_path/Frameworks",
				);
				MARKETING_VERSION = 1.0;
				OTHER_LDFLAGS = (
					"$(inherited)",
					"-ObjC",
					"-l\"c++\"",
					"-l\"icucore\"",
					"-l\"sqlite3\"",
					"-l\"z\"",
					"-framework",
					"\"CFNetwork\"",
					"-framework",
					"\"CoreLocation\"",
					"-framework",
					"-framework",
					"\"FirebaseAnalytics\"",
					"-framework",
					"\"FirebaseAuth\"",
					"-framework",
					"\"FirebaseCore\"",
					"-framework",
					"\"FirebaseCoreDiagnostics\"",
					"-framework",
					"\"FirebaseDatabase\"",
					"-framework",
					"\"FirebaseFirestore\"",
					"-framework",
					"\"FirebaseInstanceID\"",
					"-framework",
					"\"FirebaseStorage\"",
					"-framework",
					"\"Foundation\"",
					"-framework",
					"\"GTMSessionFetcher\"",
					"-framework",
					"\"GeoFire\"",
					"-framework",
					"\"Geofirestore\"",
					"-framework",
					"\"GoogleAppMeasurement\"",
					"-framework",
					"\"GoogleUtilities\"",
					"-framework",
					"\"MobileCoreServices\"",
					"-framework",
					"\"Protobuf\"",
					"-framework",
					"\"SafariServices\"",
					"-framework",
					"\"Security\"",
					"-framework",
					"\"StoreKit\"",
					"-framework",
					"\"SystemConfiguration\"",
					"-framework",
					"\"grpc\"",
					"-framework",
					"\"grpcpp\"",
					"-framework",
					"\"leveldb\"",
					"-framework",
					"\"nanopb\"",
					"-framework",
					"\"openssl\"",
				);
				PRODUCT_BUNDLE_IDENTIFIER = dk.mariana.Uber;
				PRODUCT_NAME = "$(TARGET_NAME)";
				SWIFT_EMIT_LOC_STRINGS = YES;
				SWIFT_VERSION = 5.0;
				TARGETED_DEVICE_FAMILY = "1,2";
			};
			name = Release;
		};
/* End XCBuildConfiguration section */

/* Begin XCConfigurationList section */
		564C9B1727D8B1D20005E2BF /* Build configuration list for PBXProject "Uber" */ = {
			isa = XCConfigurationList;
			buildConfigurations = (
				564C9B2E27D8B1D30005E2BF /* Debug */,
				564C9B2F27D8B1D30005E2BF /* Release */,
			);
			defaultConfigurationIsVisible = 0;
			defaultConfigurationName = Release;
		};
		564C9B3027D8B1D30005E2BF /* Build configuration list for PBXNativeTarget "Uber" */ = {
			isa = XCConfigurationList;
			buildConfigurations = (
				564C9B3127D8B1D30005E2BF /* Debug */,
				564C9B3227D8B1D30005E2BF /* Release */,
			);
			defaultConfigurationIsVisible = 0;
			defaultConfigurationName = Release;
		};
/* End XCConfigurationList section */
	};
	rootObject = 564C9B1427D8B1D20005E2BF /* Project object */;
}
